
Microsoft Visual Studio Solution File, Format Version 12.00
# Visual Studio Version 16
VisualStudioVersion = 16.0.31702.278
MinimumVisualStudioVersion = 10.0.40219.1
Project("{FAE04EC0-301F-11D3-BF4B-00C04F79EFBC}") = "project-API", "project-API.csproj", "{1B994B82-91A3-4EE1-8639-0BCD2B8BD108}"
EndProject
Global
	GlobalSection(SolutionConfigurationPlatforms) = preSolution
		Debug|Any CPU = Debug|Any CPU
		Release|Any CPU = Release|Any CPU
	EndGlobalSection
	GlobalSection(ProjectConfigurationPlatforms) = postSolution
		{1B994B82-91A3-4EE1-8639-0BCD2B8BD108}.Debug|Any CPU.ActiveCfg = Debug|Any CPU
		{1B994B82-91A3-4EE1-8639-0BCD2B8BD108}.Debug|Any CPU.Build.0 = Debug|Any CPU
		{1B994B82-91A3-4EE1-8639-0BCD2B8BD108}.Release|Any CPU.ActiveCfg = Release|Any CPU
		{1B994B82-91A3-4EE1-8639-0BCD2B8BD108}.Release|Any CPU.Build.0 = Release|Any CPU
	EndGlobalSection
	GlobalSection(SolutionProperties) = preSolution
		HideSolutionNode = FALSE
	EndGlobalSection
	GlobalSection(ExtensibilityGlobals) = postSolution
		SolutionGuid = {26C1D607-EBC8-4B4D-B155-96BD0480BFF0}
	EndGlobalSection
EndGlobal
